// !$*UTF8*$!
{
	archiveVersion = 1;
	classes = {
	};
	objectVersion = 55;
	objects = {

/* Begin PBXBuildFile section */
		0CAEC83428123AF10091D8CD /* TipCalculator_TestApp.swift in Sources */ = {isa = PBXBuildFile; fileRef = 0CAEC83328123AF10091D8CD /* TipCalculator_TestApp.swift */; };
		0CAEC83628123AF10091D8CD /* ContentView.swift in Sources */ = {isa = PBXBuildFile; fileRef = 0CAEC83528123AF10091D8CD /* ContentView.swift */; };
		0CAEC83828123AF20091D8CD /* Assets.xcassets in Resources */ = {isa = PBXBuildFile; fileRef = 0CAEC83728123AF20091D8CD /* Assets.xcassets */; };
		0CAEC83B28123AF20091D8CD /* Preview Assets.xcassets in Resources */ = {isa = PBXBuildFile; fileRef = 0CAEC83A28123AF20091D8CD /* Preview Assets.xcassets */; };
		0CAEC84828123C410091D8CD /* TipCalculator_TestTests.swift in Sources */ = {isa = PBXBuildFile; fileRef = 0CAEC84728123C410091D8CD /* TipCalculator_TestTests.swift */; };
		0CAEC85028123ECB0091D8CD /* TipCalculator.swift in Sources */ = {isa = PBXBuildFile; fileRef = 0CAEC84F28123ECB0091D8CD /* TipCalculator.swift */; };
		0CAEC85128123EF30091D8CD /* TipCalculator.swift in Sources */ = {isa = PBXBuildFile; fileRef = 0CAEC84F28123ECB0091D8CD /* TipCalculator.swift */; };
		0CAEC859281245D90091D8CD /* TipCalculator_TestUITests.swift in Sources */ = {isa = PBXBuildFile; fileRef = 0CAEC858281245D90091D8CD /* TipCalculator_TestUITests.swift */; };
		0CAEC85B281245D90091D8CD /* TipCalculator_TestUITestsLaunchTests.swift in Sources */ = {isa = PBXBuildFile; fileRef = 0CAEC85A281245D90091D8CD /* TipCalculator_TestUITestsLaunchTests.swift */; };
/* End PBXBuildFile section */

/* Begin PBXContainerItemProxy section */
		0CAEC84928123C410091D8CD /* PBXContainerItemProxy */ = {
			isa = PBXContainerItemProxy;
			containerPortal = 0CAEC82828123AF10091D8CD /* Project object */;
			proxyType = 1;
			remoteGlobalIDString = 0CAEC82F28123AF10091D8CD;
			remoteInfo = TipCalculator_Test;
		};
		0CAEC85C281245D90091D8CD /* PBXContainerItemProxy */ = {
			isa = PBXContainerItemProxy;
			containerPortal = 0CAEC82828123AF10091D8CD /* Project object */;
			proxyType = 1;
			remoteGlobalIDString = 0CAEC82F28123AF10091D8CD;
			remoteInfo = TipCalculator_Test;
		};
/* End PBXContainerItemProxy section */

/* Begin PBXFileReference section */
		0CAEC83028123AF10091D8CD /* TipCalculator_Test.app */ = {isa = PBXFileReference; explicitFileType = wrapper.application; includeInIndex = 0; path = TipCalculator_Test.app; sourceTree = BUILT_PRODUCTS_DIR; };
		0CAEC83328123AF10091D8CD /* TipCalculator_TestApp.swift */ = {isa = PBXFileReference; lastKnownFileType = sourcecode.swift; path = TipCalculator_TestApp.swift; sourceTree = "<group>"; };
		0CAEC83528123AF10091D8CD /* ContentView.swift */ = {isa = PBXFileReference; lastKnownFileType = sourcecode.swift; path = ContentView.swift; sourceTree = "<group>"; };
		0CAEC83728123AF20091D8CD /* Assets.xcassets */ = {isa = PBXFileReference; lastKnownFileType = folder.assetcatalog; path = Assets.xcassets; sourceTree = "<group>"; };
		0CAEC83A28123AF20091D8CD /* Preview Assets.xcassets */ = {isa = PBXFileReference; lastKnownFileType = folder.assetcatalog; path = "Preview Assets.xcassets"; sourceTree = "<group>"; };
		0CAEC84528123C410091D8CD /* TipCalculator_TestTests.xctest */ = {isa = PBXFileReference; explicitFileType = wrapper.cfbundle; includeInIndex = 0; path = TipCalculator_TestTests.xctest; sourceTree = BUILT_PRODUCTS_DIR; };
		0CAEC84728123C410091D8CD /* TipCalculator_TestTests.swift */ = {isa = PBXFileReference; lastKnownFileType = sourcecode.swift; path = TipCalculator_TestTests.swift; sourceTree = "<group>"; };
		0CAEC84F28123ECB0091D8CD /* TipCalculator.swift */ = {isa = PBXFileReference; lastKnownFileType = sourcecode.swift; path = TipCalculator.swift; sourceTree = "<group>"; };
		0CAEC856281245D90091D8CD /* TipCalculator_TestUITests.xctest */ = {isa = PBXFileReference; explicitFileType = wrapper.cfbundle; includeInIndex = 0; path = TipCalculator_TestUITests.xctest; sourceTree = BUILT_PRODUCTS_DIR; };
		0CAEC858281245D90091D8CD /* TipCalculator_TestUITests.swift */ = {isa = PBXFileReference; lastKnownFileType = sourcecode.swift; path = TipCalculator_TestUITests.swift; sourceTree = "<group>"; };
		0CAEC85A281245D90091D8CD /* TipCalculator_TestUITestsLaunchTests.swift */ = {isa = PBXFileReference; lastKnownFileType = sourcecode.swift; path = TipCalculator_TestUITestsLaunchTests.swift; sourceTree = "<group>"; };
/* End PBXFileReference section */

/* Begin PBXFrameworksBuildPhase section */
		0CAEC82D28123AF10091D8CD /* Frameworks */ = {
			isa = PBXFrameworksBuildPhase;
			buildActionMask = 2147483647;
			files = (
			);
			runOnlyForDeploymentPostprocessing = 0;
		};
		0CAEC84228123C410091D8CD /* Frameworks */ = {
			isa = PBXFrameworksBuildPhase;
			buildActionMask = 2147483647;
			files = (
			);
			runOnlyForDeploymentPostprocessing = 0;
		};
		0CAEC853281245D90091D8CD /* Frameworks */ = {
			isa = PBXFrameworksBuildPhase;
			buildActionMask = 2147483647;
			files = (
			);
			runOnlyForDeploymentPostprocessing = 0;
		};
/* End PBXFrameworksBuildPhase section */

/* Begin PBXGroup section */
		0CAEC82728123AF10091D8CD = {
			isa = PBXGroup;
			children = (
				0CAEC83228123AF10091D8CD /* TipCalculator_Test */,
				0CAEC84628123C410091D8CD /* TipCalculator_TestTests */,
				0CAEC857281245D90091D8CD /* TipCalculator_TestUITests */,
				0CAEC83128123AF10091D8CD /* Products */,
			);
			sourceTree = "<group>";
		};
		0CAEC83128123AF10091D8CD /* Products */ = {
			isa = PBXGroup;
			children = (
				0CAEC83028123AF10091D8CD /* TipCalculator_Test.app */,
				0CAEC84528123C410091D8CD /* TipCalculator_TestTests.xctest */,
				0CAEC856281245D90091D8CD /* TipCalculator_TestUITests.xctest */,
			);
			name = Products;
			sourceTree = "<group>";
		};
		0CAEC83228123AF10091D8CD /* TipCalculator_Test */ = {
			isa = PBXGroup;
			children = (
				0CAEC84E28123EC10091D8CD /* Models */,
				0CAEC83328123AF10091D8CD /* TipCalculator_TestApp.swift */,
				0CAEC83528123AF10091D8CD /* ContentView.swift */,
				0CAEC83728123AF20091D8CD /* Assets.xcassets */,
				0CAEC83928123AF20091D8CD /* Preview Content */,
			);
			path = TipCalculator_Test;
			sourceTree = "<group>";
		};
		0CAEC83928123AF20091D8CD /* Preview Content */ = {
			isa = PBXGroup;
			children = (
				0CAEC83A28123AF20091D8CD /* Preview Assets.xcassets */,
			);
			path = "Preview Content";
			sourceTree = "<group>";
		};
		0CAEC84628123C410091D8CD /* TipCalculator_TestTests */ = {
			isa = PBXGroup;
			children = (
				0CAEC84728123C410091D8CD /* TipCalculator_TestTests.swift */,
			);
			path = TipCalculator_TestTests;
			sourceTree = "<group>";
		};
		0CAEC84E28123EC10091D8CD /* Models */ = {
			isa = PBXGroup;
			children = (
				0CAEC84F28123ECB0091D8CD /* TipCalculator.swift */,
			);
			path = Models;
			sourceTree = "<group>";
		};
		0CAEC857281245D90091D8CD /* TipCalculator_TestUITests */ = {
			isa = PBXGroup;
			children = (
				0CAEC858281245D90091D8CD /* TipCalculator_TestUITests.swift */,
				0CAEC85A281245D90091D8CD /* TipCalculator_TestUITestsLaunchTests.swift */,
			);
			path = TipCalculator_TestUITests;
			sourceTree = "<group>";
		};
/* End PBXGroup section */

/* Begin PBXNativeTarget section */
		0CAEC82F28123AF10091D8CD /* TipCalculator_Test */ = {
			isa = PBXNativeTarget;
			buildConfigurationList = 0CAEC83E28123AF20091D8CD /* Build configuration list for PBXNativeTarget "TipCalculator_Test" */;
			buildPhases = (
				0CAEC82C28123AF10091D8CD /* Sources */,
				0CAEC82D28123AF10091D8CD /* Frameworks */,
				0CAEC82E28123AF10091D8CD /* Resources */,
			);
			buildRules = (
			);
			dependencies = (
			);
			name = TipCalculator_Test;
			productName = TipCalculator_Test;
			productReference = 0CAEC83028123AF10091D8CD /* TipCalculator_Test.app */;
			productType = "com.apple.product-type.application";
		};
		0CAEC84428123C410091D8CD /* TipCalculator_TestTests */ = {
			isa = PBXNativeTarget;
			buildConfigurationList = 0CAEC84B28123C410091D8CD /* Build configuration list for PBXNativeTarget "TipCalculator_TestTests" */;
			buildPhases = (
				0CAEC84128123C410091D8CD /* Sources */,
				0CAEC84228123C410091D8CD /* Frameworks */,
				0CAEC84328123C410091D8CD /* Resources */,
			);
			buildRules = (
			);
			dependencies = (
				0CAEC84A28123C410091D8CD /* PBXTargetDependency */,
			);
			name = TipCalculator_TestTests;
			productName = TipCalculator_TestTests;
			productReference = 0CAEC84528123C410091D8CD /* TipCalculator_TestTests.xctest */;
			productType = "com.apple.product-type.bundle.unit-test";
		};
		0CAEC855281245D90091D8CD /* TipCalculator_TestUITests */ = {
			isa = PBXNativeTarget;
			buildConfigurationList = 0CAEC85E281245D90091D8CD /* Build configuration list for PBXNativeTarget "TipCalculator_TestUITests" */;
			buildPhases = (
				0CAEC852281245D90091D8CD /* Sources */,
				0CAEC853281245D90091D8CD /* Frameworks */,
				0CAEC854281245D90091D8CD /* Resources */,
			);
			buildRules = (
			);
			dependencies = (
				0CAEC85D281245D90091D8CD /* PBXTargetDependency */,
			);
			name = TipCalculator_TestUITests;
			productName = TipCalculator_TestUITests;
			productReference = 0CAEC856281245D90091D8CD /* TipCalculator_TestUITests.xctest */;
			productType = "com.apple.product-type.bundle.ui-testing";
		};
/* End PBXNativeTarget section */

/* Begin PBXProject section */
		0CAEC82828123AF10091D8CD /* Project object */ = {
			isa = PBXProject;
			attributes = {
				BuildIndependentTargetsInParallel = 1;
				LastSwiftUpdateCheck = 1330;
				LastUpgradeCheck = 1330;
				TargetAttributes = {
					0CAEC82F28123AF10091D8CD = {
						CreatedOnToolsVersion = 13.3.1;
					};
					0CAEC84428123C410091D8CD = {
						CreatedOnToolsVersion = 13.3.1;
						TestTargetID = 0CAEC82F28123AF10091D8CD;
					};
					0CAEC855281245D90091D8CD = {
						CreatedOnToolsVersion = 13.3.1;
						TestTargetID = 0CAEC82F28123AF10091D8CD;
					};
				};
			};
			buildConfigurationList = 0CAEC82B28123AF10091D8CD /* Build configuration list for PBXProject "TipCalculator_Test" */;
			compatibilityVersion = "Xcode 13.0";
			developmentRegion = en;
			hasScannedForEncodings = 0;
			knownRegions = (
				en,
				Base,
			);
			mainGroup = 0CAEC82728123AF10091D8CD;
			productRefGroup = 0CAEC83128123AF10091D8CD /* Products */;
			projectDirPath = "";
			projectRoot = "";
			targets = (
				0CAEC82F28123AF10091D8CD /* TipCalculator_Test */,
				0CAEC84428123C410091D8CD /* TipCalculator_TestTests */,
				0CAEC855281245D90091D8CD /* TipCalculator_TestUITests */,
			);
		};
/* End PBXProject section */

/* Begin PBXResourcesBuildPhase section */
		0CAEC82E28123AF10091D8CD /* Resources */ = {
			isa = PBXResourcesBuildPhase;
			buildActionMask = 2147483647;
			files = (
				0CAEC83B28123AF20091D8CD /* Preview Assets.xcassets in Resources */,
				0CAEC83828123AF20091D8CD /* Assets.xcassets in Resources */,
			);
			runOnlyForDeploymentPostprocessing = 0;
		};
		0CAEC84328123C410091D8CD /* Resources */ = {
			isa = PBXResourcesBuildPhase;
			buildActionMask = 2147483647;
			files = (
			);
			runOnlyForDeploymentPostprocessing = 0;
		};
		0CAEC854281245D90091D8CD /* Resources */ = {
			isa = PBXResourcesBuildPhase;
			buildActionMask = 2147483647;
			files = (
			);
			runOnlyForDeploymentPostprocessing = 0;
		};
/* End PBXResourcesBuildPhase section */

/* Begin PBXSourcesBuildPhase section */
		0CAEC82C28123AF10091D8CD /* Sources */ = {
			isa = PBXSourcesBuildPhase;
			buildActionMask = 2147483647;
			files = (
				0CAEC85028123ECB0091D8CD /* TipCalculator.swift in Sources */,
				0CAEC83628123AF10091D8CD /* ContentView.swift in Sources */,
				0CAEC83428123AF10091D8CD /* TipCalculator_TestApp.swift in Sources */,
			);
			runOnlyForDeploymentPostprocessing = 0;
		};
		0CAEC84128123C410091D8CD /* Sources */ = {
			isa = PBXSourcesBuildPhase;
			buildActionMask = 2147483647;
			files = (
				0CAEC84828123C410091D8CD /* TipCalculator_TestTests.swift in Sources */,
				0CAEC85128123EF30091D8CD /* TipCalculator.swift in Sources */,
			);
			runOnlyForDeploymentPostprocessing = 0;
		};
		0CAEC852281245D90091D8CD /* Sources */ = {
			isa = PBXSourcesBuildPhase;
			buildActionMask = 2147483647;
			files = (
				0CAEC85B281245D90091D8CD /* TipCalculator_TestUITestsLaunchTests.swift in Sources */,
				0CAEC859281245D90091D8CD /* TipCalculator_TestUITests.swift in Sources */,
			);
			runOnlyForDeploymentPostprocessing = 0;
		};
/* End PBXSourcesBuildPhase section */

/* Begin PBXTargetDependency section */
		0CAEC84A28123C410091D8CD /* PBXTargetDependency */ = {
			isa = PBXTargetDependency;
			target = 0CAEC82F28123AF10091D8CD /* TipCalculator_Test */;
			targetProxy = 0CAEC84928123C410091D8CD /* PBXContainerItemProxy */;
		};
		0CAEC85D281245D90091D8CD /* PBXTargetDependency */ = {
			isa = PBXTargetDependency;
			target = 0CAEC82F28123AF10091D8CD /* TipCalculator_Test */;
			targetProxy = 0CAEC85C281245D90091D8CD /* PBXContainerItemProxy */;
		};
/* End PBXTargetDependency section */

/* Begin XCBuildConfiguration section */
		0CAEC83C28123AF20091D8CD /* Debug */ = {
			isa = XCBuildConfiguration;
			buildSettings = {
				ALWAYS_SEARCH_USER_PATHS = NO;
				CLANG_ANALYZER_NONNULL = YES;
				CLANG_ANALYZER_NUMBER_OBJECT_CONVERSION = YES_AGGRESSIVE;
				CLANG_CXX_LANGUAGE_STANDARD = "gnu++17";
				CLANG_ENABLE_MODULES = YES;
				CLANG_ENABLE_OBJC_ARC = YES;
				CLANG_ENABLE_OBJC_WEAK = YES;
				CLANG_WARN_BLOCK_CAPTURE_AUTORELEASING = YES;
				CLANG_WARN_BOOL_CONVERSION = YES;
				CLANG_WARN_COMMA = YES;
				CLANG_WARN_CONSTANT_CONVERSION = YES;
				CLANG_WARN_DEPRECATED_OBJC_IMPLEMENTATIONS = YES;
				CLANG_WARN_DIRECT_OBJC_ISA_USAGE = YES_ERROR;
				CLANG_WARN_DOCUMENTATION_COMMENTS = YES;
				CLANG_WARN_EMPTY_BODY = YES;
				CLANG_WARN_ENUM_CONVERSION = YES;
				CLANG_WARN_INFINITE_RECURSION = YES;
				CLANG_WARN_INT_CONVERSION = YES;
				CLANG_WARN_NON_LITERAL_NULL_CONVERSION = YES;
				CLANG_WARN_OBJC_IMPLICIT_RETAIN_SELF = YES;
				CLANG_WARN_OBJC_LITERAL_CONVERSION = YES;
				CLANG_WARN_OBJC_ROOT_CLASS = YES_ERROR;
				CLANG_WARN_QUOTED_INCLUDE_IN_FRAMEWORK_HEADER = YES;
				CLANG_WARN_RANGE_LOOP_ANALYSIS = YES;
				CLANG_WARN_STRICT_PROTOTYPES = YES;
				CLANG_WARN_SUSPICIOUS_MOVE = YES;
				CLANG_WARN_UNGUARDED_AVAILABILITY = YES_AGGRESSIVE;
				CLANG_WARN_UNREACHABLE_CODE = YES;
				CLANG_WARN__DUPLICATE_METHOD_MATCH = YES;
				COPY_PHASE_STRIP = NO;
				DEBUG_INFORMATION_FORMAT = dwarf;
				ENABLE_STRICT_OBJC_MSGSEND = YES;
				ENABLE_TESTABILITY = YES;
				GCC_C_LANGUAGE_STANDARD = gnu11;
				GCC_DYNAMIC_NO_PIC = NO;
				GCC_NO_COMMON_BLOCKS = YES;
				GCC_OPTIMIZATION_LEVEL = 0;
				GCC_PREPROCESSOR_DEFINITIONS = (
					"DEBUG=1",
					"$(inherited)",
				);
				GCC_WARN_64_TO_32_BIT_CONVERSION = YES;
				GCC_WARN_ABOUT_RETURN_TYPE = YES_ERROR;
				GCC_WARN_UNDECLARED_SELECTOR = YES;
				GCC_WARN_UNINITIALIZED_AUTOS = YES_AGGRESSIVE;
				GCC_WARN_UNUSED_FUNCTION = YES;
				GCC_WARN_UNUSED_VARIABLE = YES;
				IPHONEOS_DEPLOYMENT_TARGET = 14.0;
				MTL_ENABLE_DEBUG_INFO = INCLUDE_SOURCE;
				MTL_FAST_MATH = YES;
				ONLY_ACTIVE_ARCH = YES;
				SDKROOT = iphoneos;
				SWIFT_ACTIVE_COMPILATION_CONDITIONS = DEBUG;
				SWIFT_OPTIMIZATION_LEVEL = "-Onone";
			};
			name = Debug;
		};
		0CAEC83D28123AF20091D8CD /* Release */ = {
			isa = XCBuildConfiguration;
			buildSettings = {
				ALWAYS_SEARCH_USER_PATHS = NO;
				CLANG_ANALYZER_NONNULL = YES;
				CLANG_ANALYZER_NUMBER_OBJECT_CONVERSION = YES_AGGRESSIVE;
				CLANG_CXX_LANGUAGE_STANDARD = "gnu++17";
				CLANG_ENABLE_MODULES = YES;
				CLANG_ENABLE_OBJC_ARC = YES;
				CLANG_ENABLE_OBJC_WEAK = YES;
				CLANG_WARN_BLOCK_CAPTURE_AUTORELEASING = YES;
				CLANG_WARN_BOOL_CONVERSION = YES;
				CLANG_WARN_COMMA = YES;
				CLANG_WARN_CONSTANT_CONVERSION = YES;
				CLANG_WARN_DEPRECATED_OBJC_IMPLEMENTATIONS = YES;
				CLANG_WARN_DIRECT_OBJC_ISA_USAGE = YES_ERROR;
				CLANG_WARN_DOCUMENTATION_COMMENTS = YES;
				CLANG_WARN_EMPTY_BODY = YES;
				CLANG_WARN_ENUM_CONVERSION = YES;
				CLANG_WARN_INFINITE_RECURSION = YES;
				CLANG_WARN_INT_CONVERSION = YES;
				CLANG_WARN_NON_LITERAL_NULL_CONVERSION = YES;
				CLANG_WARN_OBJC_IMPLICIT_RETAIN_SELF = YES;
				CLANG_WARN_OBJC_LITERAL_CONVERSION = YES;
				CLANG_WARN_OBJC_ROOT_CLASS = YES_ERROR;
				CLANG_WARN_QUOTED_INCLUDE_IN_FRAMEWORK_HEADER = YES;
				CLANG_WARN_RANGE_LOOP_ANALYSIS = YES;
				CLANG_WARN_STRICT_PROTOTYPES = YES;
				CLANG_WARN_SUSPICIOUS_MOVE = YES;
				CLANG_WARN_UNGUARDED_AVAILABILITY = YES_AGGRESSIVE;
				CLANG_WARN_UNREACHABLE_CODE = YES;
				CLANG_WARN__DUPLICATE_METHOD_MATCH = YES;
				COPY_PHASE_STRIP = NO;
				DEBUG_INFORMATION_FORMAT = "dwarf-with-dsym";
				ENABLE_NS_ASSERTIONS = NO;
				ENABLE_STRICT_OBJC_MSGSEND = YES;
				GCC_C_LANGUAGE_STANDARD = gnu11;
				GCC_NO_COMMON_BLOCKS = YES;
				GCC_WARN_64_TO_32_BIT_CONVERSION = YES;
				GCC_WARN_ABOUT_RETURN_TYPE = YES_ERROR;
				GCC_WARN_UNDECLARED_SELECTOR = YES;
				GCC_WARN_UNINITIALIZED_AUTOS = YES_AGGRESSIVE;
				GCC_WARN_UNUSED_FUNCTION = YES;
				GCC_WARN_UNUSED_VARIABLE = YES;
				IPHONEOS_DEPLOYMENT_TARGET = 14.0;
				MTL_ENABLE_DEBUG_INFO = NO;
				MTL_FAST_MATH = YES;
				SDKROOT = iphoneos;
				SWIFT_COMPILATION_MODE = wholemodule;
				SWIFT_OPTIMIZATION_LEVEL = "-O";
				VALIDATE_PRODUCT = YES;
			};
			name = Release;
		};
		0CAEC83F28123AF20091D8CD /* Debug */ = {
			isa = XCBuildConfiguration;
			buildSettings = {
				ASSETCATALOG_COMPILER_APPICON_NAME = AppIcon;
				ASSETCATALOG_COMPILER_GLOBAL_ACCENT_COLOR_NAME = AccentColor;
				CODE_SIGN_STYLE = Automatic;
				CURRENT_PROJECT_VERSION = 1;
				DEVELOPMENT_ASSET_PATHS = "\"TipCalculator_Test/Preview Content\"";
				DEVELOPMENT_TEAM = B9GKQ3WWHT;
				ENABLE_PREVIEWS = YES;
				GENERATE_INFOPLIST_FILE = YES;
				INFOPLIST_KEY_UIApplicationSceneManifest_Generation = YES;
				INFOPLIST_KEY_UIApplicationSupportsIndirectInputEvents = YES;
				INFOPLIST_KEY_UILaunchScreen_Generation = YES;
				INFOPLIST_KEY_UISupportedInterfaceOrientations_iPad = "UIInterfaceOrientationPortrait UIInterfaceOrientationPortraitUpsideDown UIInterfaceOrientationLandscapeLeft UIInterfaceOrientationLandscapeRight";
				INFOPLIST_KEY_UISupportedInterfaceOrientations_iPhone = "UIInterfaceOrientationPortrait UIInterfaceOrientationLandscapeLeft UIInterfaceOrientationLandscapeRight";
				LD_RUNPATH_SEARCH_PATHS = (
					"$(inherited)",
					"@executable_path/Frameworks",
				);
				MARKETING_VERSION = 1.0;
				PRODUCT_BUNDLE_IDENTIFIER = "co.devboidesigns.TipCalculator-Test";
				PRODUCT_NAME = "$(TARGET_NAME)";
				SWIFT_EMIT_LOC_STRINGS = YES;
				SWIFT_VERSION = 5.0;
				TARGETED_DEVICE_FAMILY = "1,2";
			};
			name = Debug;
		};
		0CAEC84028123AF20091D8CD /* Release */ = {
			isa = XCBuildConfiguration;
			buildSettings = {
				ASSETCATALOG_COMPILER_APPICON_NAME = AppIcon;
				ASSETCATALOG_COMPILER_GLOBAL_ACCENT_COLOR_NAME = AccentColor;
				CODE_SIGN_STYLE = Automatic;
				CURRENT_PROJECT_VERSION = 1;
				DEVELOPMENT_ASSET_PATHS = "\"TipCalculator_Test/Preview Content\"";
				DEVELOPMENT_TEAM = B9GKQ3WWHT;
				ENABLE_PREVIEWS = YES;
				GENERATE_INFOPLIST_FILE = YES;
				INFOPLIST_KEY_UIApplicationSceneManifest_Generation = YES;
				INFOPLIST_KEY_UIApplicationSupportsIndirectInputEvents = YES;
				INFOPLIST_KEY_UILaunchScreen_Generation = YES;
				INFOPLIST_KEY_UISupportedInterfaceOrientations_iPad = "UIInterfaceOrientationPortrait UIInterfaceOrientationPortraitUpsideDown UIInterfaceOrientationLandscapeLeft UIInterfaceOrientationLandscapeRight";
				INFOPLIST_KEY_UISupportedInterfaceOrientations_iPhone = "UIInterfaceOrientationPortrait UIInterfaceOrientationLandscapeLeft UIInterfaceOrientationLandscapeRight";
				LD_RUNPATH_SEARCH_PATHS = (
					"$(inherited)",
					"@executable_path/Frameworks",
				);
				MARKETING_VERSION = 1.0;
				PRODUCT_BUNDLE_IDENTIFIER = "co.devboidesigns.TipCalculator-Test";
				PRODUCT_NAME = "$(TARGET_NAME)";
				SWIFT_EMIT_LOC_STRINGS = YES;
				SWIFT_VERSION = 5.0;
				TARGETED_DEVICE_FAMILY = "1,2";
			};
			name = Release;
		};
		0CAEC84C28123C410091D8CD /* Debug */ = {
			isa = XCBuildConfiguration;
			buildSettings = {
				BUNDLE_LOADER = "$(TEST_HOST)";
				CODE_SIGN_STYLE = Automatic;
				CURRENT_PROJECT_VERSION = 1;
				DEVELOPMENT_TEAM = B9GKQ3WWHT;
				GENERATE_INFOPLIST_FILE = YES;
				IPHONEOS_DEPLOYMENT_TARGET = 15.4;
				MARKETING_VERSION = 1.0;
				PRODUCT_BUNDLE_IDENTIFIER = "co.devboidesigns.TipCalculator-TestTests";
				PRODUCT_NAME = "$(TARGET_NAME)";
				SWIFT_EMIT_LOC_STRINGS = NO;
				SWIFT_VERSION = 5.0;
				TARGETED_DEVICE_FAMILY = "1,2";
				TEST_HOST = "$(BUILT_PRODUCTS_DIR)/TipCalculator_Test.app/TipCalculator_Test";
			};
			name = Debug;
		};
		0CAEC84D28123C410091D8CD /* Release */ = {
			isa = XCBuildConfiguration;
			buildSettings = {
				BUNDLE_LOADER = "$(TEST_HOST)";
				CODE_SIGN_STYLE = Automatic;
				CURRENT_PROJECT_VERSION = 1;
				DEVELOPMENT_TEAM = B9GKQ3WWHT;
				GENERATE_INFOPLIST_FILE = YES;
				IPHONEOS_DEPLOYMENT_TARGET = 15.4;
				MARKETING_VERSION = 1.0;
				PRODUCT_BUNDLE_IDENTIFIER = "co.devboidesigns.TipCalculator-TestTests";
				PRODUCT_NAME = "$(TARGET_NAME)";
				SWIFT_EMIT_LOC_STRINGS = NO;
				SWIFT_VERSION = 5.0;
				TARGETED_DEVICE_FAMILY = "1,2";
				TEST_HOST = "$(BUILT_PRODUCTS_DIR)/TipCalculator_Test.app/TipCalculator_Test";
			};
			name = Release;
		};
		0CAEC85F281245D90091D8CD /* Debug */ = {
			isa = XCBuildConfiguration;
			buildSettings = {
				CODE_SIGN_STYLE = Automatic;
				CURRENT_PROJECT_VERSION = 1;
				DEVELOPMENT_TEAM = B9GKQ3WWHT;
				GENERATE_INFOPLIST_FILE = YES;
				IPHONEOS_DEPLOYMENT_TARGET = 15.4;
				MARKETING_VERSION = 1.0;
				PRODUCT_BUNDLE_IDENTIFIER = "co.devboidesigns.TipCalculator-TestUITests";
				PRODUCT_NAME = "$(TARGET_NAME)";
				SWIFT_EMIT_LOC_STRINGS = NO;
				SWIFT_VERSION = 5.0;
				TARGETED_DEVICE_FAMILY = "1,2";
				TEST_TARGET_NAME = TipCalculator_Test;
			};
			name = Debug;
		};
		0CAEC860281245D90091D8CD /* Release */ = {
			isa = XCBuildConfiguration;
			buildSettings = {
				CODE_SIGN_STYLE = Automatic;
				CURRENT_PROJECT_VERSION = 1;
				DEVELOPMENT_TEAM = B9GKQ3WWHT;
				GENERATE_INFOPLIST_FILE = YES;
				IPHONEOS_DEPLOYMENT_TARGET = 15.4;
				MARKETING_VERSION = 1.0;
				PRODUCT_BUNDLE_IDENTIFIER = "co.devboidesigns.TipCalculator-TestUITests";
				PRODUCT_NAME = "$(TARGET_NAME)";
				SWIFT_EMIT_LOC_STRINGS = NO;
				SWIFT_VERSION = 5.0;
				TARGETED_DEVICE_FAMILY = "1,2";
				TEST_TARGET_NAME = TipCalculator_Test;
			};
			name = Release;
		};
/* End XCBuildConfiguration section */

/* Begin XCConfigurationList section */
		0CAEC82B28123AF10091D8CD /* Build configuration list for PBXProject "TipCalculator_Test" */ = {
			isa = XCConfigurationList;
			buildConfigurations = (
				0CAEC83C28123AF20091D8CD /* Debug */,
				0CAEC83D28123AF20091D8CD /* Release */,
			);
			defaultConfigurationIsVisible = 0;
			defaultConfigurationName = Release;
		};
		0CAEC83E28123AF20091D8CD /* Build configuration list for PBXNativeTarget "TipCalculator_Test" */ = {
			isa = XCConfigurationList;
			buildConfigurations = (
				0CAEC83F28123AF20091D8CD /* Debug */,
				0CAEC84028123AF20091D8CD /* Release */,
			);
			defaultConfigurationIsVisible = 0;
			defaultConfigurationName = Release;
		};
		0CAEC84B28123C410091D8CD /* Build configuration list for PBXNativeTarget "TipCalculator_TestTests" */ = {
			isa = XCConfigurationList;
			buildConfigurations = (
				0CAEC84C28123C410091D8CD /* Debug */,
				0CAEC84D28123C410091D8CD /* Release */,
			);
			defaultConfigurationIsVisible = 0;
			defaultConfigurationName = Release;
		};
		0CAEC85E281245D90091D8CD /* Build configuration list for PBXNativeTarget "TipCalculator_TestUITests" */ = {
			isa = XCConfigurationList;
			buildConfigurations = (
				0CAEC85F281245D90091D8CD /* Debug */,
				0CAEC860281245D90091D8CD /* Release */,
			);
			defaultConfigurationIsVisible = 0;
			defaultConfigurationName = Release;
		};
/* End XCConfigurationList section */
	};
	rootObject = 0CAEC82828123AF10091D8CD /* Project object */;
}
